
Microsoft Visual Studio Solution File, Format Version 12.00
# Visual Studio Version 17
VisualStudioVersion = 17.2.32630.192
MinimumVisualStudioVersion = 10.0.40219.1
Project("{9A19103F-16F7-4668-BE54-9A1E7A4F7556}") = "R5T.T0181.Construction", "R5T.T0181.Construction\R5T.T0181.Construction.csproj", "{FFBB679C-996D-418B-B26C-E0AF26CAAD59}"
EndProject
Project("{9A19103F-16F7-4668-BE54-9A1E7A4F7556}") = "R5T.T0181", "R5T.T0181\R5T.T0181.csproj", "{C69F3389-A0E3-4E19-A728-363DB84EBD30}"
EndProject
Project("{2150E333-8FDC-42A3-9474-1A3956D46DE8}") = "_Dependencies", "_Dependencies", "{4C1122E0-7EA8-4779-AF57-88C858C79F41}"
EndProject
Project("{9A19103F-16F7-4668-BE54-9A1E7A4F7556}") = "R5T.T0180", "..\..\R5T.T0180\source\R5T.T0180\R5T.T0180.csproj", "{F43E33DF-699A-4C25-B310-4236D85FEE4A}"
EndProject
Project("{9A19103F-16F7-4668-BE54-9A1E7A4F7556}") = "R5T.T0132", "..\..\R5T.T0132\source\R5T.T0132\R5T.T0132.csproj", "{8593DDF3-264F-47B5-9D39-C077638C5CB7}"
EndProject
Project("{9A19103F-16F7-4668-BE54-9A1E7A4F7556}") = "R5T.T0143", "..\..\R5T.T0143\source\R5T.T0143\R5T.T0143.csproj", "{4EC4D7CF-09EB-4614-BA42-38FAB1938B9C}"
EndProject
Project("{9A19103F-16F7-4668-BE54-9A1E7A4F7556}") = "R5T.T0178", "..\..\R5T.T0178\source\R5T.T0178\R5T.T0178.csproj", "{E2807AD9-7E08-4001-BDEF-34529ADDD346}"
EndProject
Project("{9A19103F-16F7-4668-BE54-9A1E7A4F7556}") = "R5T.T0179", "..\..\R5T.T0179\source\R5T.T0179\R5T.T0179.csproj", "{DDFCF097-07E8-44D2-BF40-FE940E7F85AC}"
EndProject
Global
	GlobalSection(NestedProjects) = preSolution
		{F43E33DF-699A-4C25-B310-4236D85FEE4A} = {4C1122E0-7EA8-4779-AF57-88C858C79F41}
		{8593DDF3-264F-47B5-9D39-C077638C5CB7} = {4C1122E0-7EA8-4779-AF57-88C858C79F41}
		{4EC4D7CF-09EB-4614-BA42-38FAB1938B9C} = {4C1122E0-7EA8-4779-AF57-88C858C79F41}
		{E2807AD9-7E08-4001-BDEF-34529ADDD346} = {4C1122E0-7EA8-4779-AF57-88C858C79F41}
		{DDFCF097-07E8-44D2-BF40-FE940E7F85AC} = {4C1122E0-7EA8-4779-AF57-88C858C79F41}
	EndGlobalSection
	GlobalSection(SolutionConfigurationPlatforms) = preSolution
		Debug|Any CPU = Debug|Any CPU
		Release|Any CPU = Release|Any CPU
	EndGlobalSection
	GlobalSection(ProjectConfigurationPlatforms) = postSolution
		{FFBB679C-996D-418B-B26C-E0AF26CAAD59}.Debug|Any CPU.ActiveCfg = Debug|Any CPU
		{FFBB679C-996D-418B-B26C-E0AF26CAAD59}.Debug|Any CPU.Build.0 = Debug|Any CPU
		{FFBB679C-996D-418B-B26C-E0AF26CAAD59}.Release|Any CPU.ActiveCfg = Release|Any CPU
		{FFBB679C-996D-418B-B26C-E0AF26CAAD59}.Release|Any CPU.Build.0 = Release|Any CPU
		{C69F3389-A0E3-4E19-A728-363DB84EBD30}.Debug|Any CPU.ActiveCfg = Debug|Any CPU
		{C69F3389-A0E3-4E19-A728-363DB84EBD30}.Debug|Any CPU.Build.0 = Debug|Any CPU
		{C69F3389-A0E3-4E19-A728-363DB84EBD30}.Release|Any CPU.ActiveCfg = Release|Any CPU
		{C69F3389-A0E3-4E19-A728-363DB84EBD30}.Release|Any CPU.Build.0 = Release|Any CPU
		{F43E33DF-699A-4C25-B310-4236D85FEE4A}.Debug|Any CPU.ActiveCfg = Debug|Any CPU
		{F43E33DF-699A-4C25-B310-4236D85FEE4A}.Debug|Any CPU.Build.0 = Debug|Any CPU
		{F43E33DF-699A-4C25-B310-4236D85FEE4A}.Release|Any CPU.ActiveCfg = Release|Any CPU
		{F43E33DF-699A-4C25-B310-4236D85FEE4A}.Release|Any CPU.Build.0 = Release|Any CPU
		{8593DDF3-264F-47B5-9D39-C077638C5CB7}.Debug|Any CPU.ActiveCfg = Debug|Any CPU
		{8593DDF3-264F-47B5-9D39-C077638C5CB7}.Debug|Any CPU.Build.0 = Debug|Any CPU
		{8593DDF3-264F-47B5-9D39-C077638C5CB7}.Release|Any CPU.ActiveCfg = Release|Any CPU
		{8593DDF3-264F-47B5-9D39-C077638C5CB7}.Release|Any CPU.Build.0 = Release|Any CPU
		{4EC4D7CF-09EB-4614-BA42-38FAB1938B9C}.Debug|Any CPU.ActiveCfg = Debug|Any CPU
		{4EC4D7CF-09EB-4614-BA42-38FAB1938B9C}.Debug|Any CPU.Build.0 = Debug|Any CPU
		{4EC4D7CF-09EB-4614-BA42-38FAB1938B9C}.Release|Any CPU.ActiveCfg = Release|Any CPU
		{4EC4D7CF-09EB-4614-BA42-38FAB1938B9C}.Release|Any CPU.Build.0 = Release|Any CPU
		{E2807AD9-7E08-4001-BDEF-34529ADDD346}.Debug|Any CPU.ActiveCfg = Debug|Any CPU
		{E2807AD9-7E08-4001-BDEF-34529ADDD346}.Debug|Any CPU.Build.0 = Debug|Any CPU
		{E2807AD9-7E08-4001-BDEF-34529ADDD346}.Release|Any CPU.ActiveCfg = Release|Any CPU
		{E2807AD9-7E08-4001-BDEF-34529ADDD346}.Release|Any CPU.Build.0 = Release|Any CPU
		{DDFCF097-07E8-44D2-BF40-FE940E7F85AC}.Debug|Any CPU.ActiveCfg = Debug|Any CPU
		{DDFCF097-07E8-44D2-BF40-FE940E7F85AC}.Debug|Any CPU.Build.0 = Debug|Any CPU
		{DDFCF097-07E8-44D2-BF40-FE940E7F85AC}.Release|Any CPU.ActiveCfg = Release|Any CPU
		{DDFCF097-07E8-44D2-BF40-FE940E7F85AC}.Release|Any CPU.Build.0 = Release|Any CPU
	EndGlobalSection
	GlobalSection(SolutionProperties) = preSolution
		HideSolutionNode = FALSE
	EndGlobalSection
	GlobalSection(ExtensibilityGlobals) = postSolution
		SolutionGuid = {D95D78D8-8CE8-4D93-A48C-9F73D41728D8}
	EndGlobalSection
EndGlobal
